// !$*UTF8*$!
{
	archiveVersion = 1;
	classes = {
	};
	objectVersion = 56;
	objects = {

/* Begin PBXBuildFile section */
		7B26D1A42C1D593A00BC9912 /* TCACoordinatorePracticeApp.swift in Sources */ = {isa = PBXBuildFile; fileRef = 7B26D1A32C1D593A00BC9912 /* TCACoordinatorePracticeApp.swift */; };
		7B26D1A82C1D593B00BC9912 /* Assets.xcassets in Resources */ = {isa = PBXBuildFile; fileRef = 7B26D1A72C1D593B00BC9912 /* Assets.xcassets */; };
		7B26D1AB2C1D593B00BC9912 /* Preview Assets.xcassets in Resources */ = {isa = PBXBuildFile; fileRef = 7B26D1AA2C1D593B00BC9912 /* Preview Assets.xcassets */; };
		7B26D1B32C1D599F00BC9912 /* TCACoordinators in Frameworks */ = {isa = PBXBuildFile; productRef = 7B26D1B22C1D599F00BC9912 /* TCACoordinators */; };
		7B26D1B62C1D59B700BC9912 /* ComposableArchitecture in Frameworks */ = {isa = PBXBuildFile; productRef = 7B26D1B52C1D59B700BC9912 /* ComposableArchitecture */; };
		7B26D1B82C1D5A3500BC9912 /* RootView.swift in Sources */ = {isa = PBXBuildFile; fileRef = 7B26D1B72C1D5A3500BC9912 /* RootView.swift */; };
		7B26D1BC2C1D5AEA00BC9912 /* RootFeature.swift in Sources */ = {isa = PBXBuildFile; fileRef = 7B26D1BB2C1D5AEA00BC9912 /* RootFeature.swift */; };
		7B26D1C02C1D5D6900BC9912 /* SplashPeature.swift in Sources */ = {isa = PBXBuildFile; fileRef = 7B26D1BF2C1D5D6900BC9912 /* SplashPeature.swift */; };
		7B26D1C22C1D625400BC9912 /* TapCoordinatorFeature.swift in Sources */ = {isa = PBXBuildFile; fileRef = 7B26D1C12C1D625400BC9912 /* TapCoordinatorFeature.swift */; };
		7B26D1C72C1D632200BC9912 /* ExScreens.swift in Sources */ = {isa = PBXBuildFile; fileRef = 7B26D1C62C1D632200BC9912 /* ExScreens.swift */; };
		7B26D1C92C1D637E00BC9912 /* HomeView.swift in Sources */ = {isa = PBXBuildFile; fileRef = 7B26D1C82C1D637E00BC9912 /* HomeView.swift */; };
		7B26D1CB2C1D63B500BC9912 /* HomeFeature.swift in Sources */ = {isa = PBXBuildFile; fileRef = 7B26D1CA2C1D63B500BC9912 /* HomeFeature.swift */; };
		7B26D1CD2C1D676D00BC9912 /* TCATabView.swift in Sources */ = {isa = PBXBuildFile; fileRef = 7B26D1CC2C1D676D00BC9912 /* TCATabView.swift */; };
		7B26D1CF2C1D746A00BC9912 /* TabbarCoordinator.swift in Sources */ = {isa = PBXBuildFile; fileRef = 7B26D1CE2C1D746A00BC9912 /* TabbarCoordinator.swift */; };
		7B26D1D12C1D765000BC9912 /* SplashsView.swift in Sources */ = {isa = PBXBuildFile; fileRef = 7B26D1D02C1D765000BC9912 /* SplashsView.swift */; };
		7B26D1D32C1D797600BC9912 /* HomeCoordinatorView.swift in Sources */ = {isa = PBXBuildFile; fileRef = 7B26D1D22C1D797600BC9912 /* HomeCoordinatorView.swift */; };
/* End PBXBuildFile section */

/* Begin PBXFileReference section */
		7B26D1A02C1D593A00BC9912 /* TCACoordinatorePractice.app */ = {isa = PBXFileReference; explicitFileType = wrapper.application; includeInIndex = 0; path = TCACoordinatorePractice.app; sourceTree = BUILT_PRODUCTS_DIR; };
		7B26D1A32C1D593A00BC9912 /* TCACoordinatorePracticeApp.swift */ = {isa = PBXFileReference; lastKnownFileType = sourcecode.swift; path = TCACoordinatorePracticeApp.swift; sourceTree = "<group>"; };
		7B26D1A72C1D593B00BC9912 /* Assets.xcassets */ = {isa = PBXFileReference; lastKnownFileType = folder.assetcatalog; path = Assets.xcassets; sourceTree = "<group>"; };
		7B26D1AA2C1D593B00BC9912 /* Preview Assets.xcassets */ = {isa = PBXFileReference; lastKnownFileType = folder.assetcatalog; path = "Preview Assets.xcassets"; sourceTree = "<group>"; };
		7B26D1B72C1D5A3500BC9912 /* RootView.swift */ = {isa = PBXFileReference; lastKnownFileType = sourcecode.swift; path = RootView.swift; sourceTree = "<group>"; };
		7B26D1BB2C1D5AEA00BC9912 /* RootFeature.swift */ = {isa = PBXFileReference; lastKnownFileType = sourcecode.swift; path = RootFeature.swift; sourceTree = "<group>"; };
		7B26D1BF2C1D5D6900BC9912 /* SplashPeature.swift */ = {isa = PBXFileReference; lastKnownFileType = sourcecode.swift; path = SplashPeature.swift; sourceTree = "<group>"; };
		7B26D1C12C1D625400BC9912 /* TapCoordinatorFeature.swift */ = {isa = PBXFileReference; lastKnownFileType = sourcecode.swift; path = TapCoordinatorFeature.swift; sourceTree = "<group>"; };
		7B26D1C62C1D632200BC9912 /* ExScreens.swift */ = {isa = PBXFileReference; lastKnownFileType = sourcecode.swift; path = ExScreens.swift; sourceTree = "<group>"; };
		7B26D1C82C1D637E00BC9912 /* HomeView.swift */ = {isa = PBXFileReference; lastKnownFileType = sourcecode.swift; path = HomeView.swift; sourceTree = "<group>"; };
		7B26D1CA2C1D63B500BC9912 /* HomeFeature.swift */ = {isa = PBXFileReference; lastKnownFileType = sourcecode.swift; path = HomeFeature.swift; sourceTree = "<group>"; };
		7B26D1CC2C1D676D00BC9912 /* TCATabView.swift */ = {isa = PBXFileReference; lastKnownFileType = sourcecode.swift; path = TCATabView.swift; sourceTree = "<group>"; };
		7B26D1CE2C1D746A00BC9912 /* TabbarCoordinator.swift */ = {isa = PBXFileReference; lastKnownFileType = sourcecode.swift; path = TabbarCoordinator.swift; sourceTree = "<group>"; };
		7B26D1D02C1D765000BC9912 /* SplashsView.swift */ = {isa = PBXFileReference; lastKnownFileType = sourcecode.swift; path = SplashsView.swift; sourceTree = "<group>"; };
		7B26D1D22C1D797600BC9912 /* HomeCoordinatorView.swift */ = {isa = PBXFileReference; lastKnownFileType = sourcecode.swift; path = HomeCoordinatorView.swift; sourceTree = "<group>"; };
/* End PBXFileReference section */

/* Begin PBXFrameworksBuildPhase section */
		7B26D19D2C1D593A00BC9912 /* Frameworks */ = {
			isa = PBXFrameworksBuildPhase;
			buildActionMask = 2147483647;
			files = (
				7B26D1B62C1D59B700BC9912 /* ComposableArchitecture in Frameworks */,
				7B26D1B32C1D599F00BC9912 /* TCACoordinators in Frameworks */,
			);
			runOnlyForDeploymentPostprocessing = 0;
		};
/* End PBXFrameworksBuildPhase section */

/* Begin PBXGroup section */
		7B26D1972C1D593A00BC9912 = {
			isa = PBXGroup;
			children = (
				7B26D1A22C1D593A00BC9912 /* TCACoordinatorePractice */,
				7B26D1A12C1D593A00BC9912 /* Products */,
			);
			sourceTree = "<group>";
		};
		7B26D1A12C1D593A00BC9912 /* Products */ = {
			isa = PBXGroup;
			children = (
				7B26D1A02C1D593A00BC9912 /* TCACoordinatorePractice.app */,
			);
			name = Products;
			sourceTree = "<group>";
		};
		7B26D1A22C1D593A00BC9912 /* TCACoordinatorePractice */ = {
			isa = PBXGroup;
			children = (
				7B26D1C32C1D62AA00BC9912 /* CoordinatorViews */,
				7B26D1BA2C1D5ACA00BC9912 /* CoordinatorsPeature */,
				7B26D1B92C1D5ABC00BC9912 /* JustPeature */,
				7B26D1B72C1D5A3500BC9912 /* RootView.swift */,
				7B26D1A32C1D593A00BC9912 /* TCACoordinatorePracticeApp.swift */,
				7B26D1C82C1D637E00BC9912 /* HomeView.swift */,
				7B26D1CC2C1D676D00BC9912 /* TCATabView.swift */,
				7B26D1A72C1D593B00BC9912 /* Assets.xcassets */,
				7B26D1A92C1D593B00BC9912 /* Preview Content */,
				7B26D1C62C1D632200BC9912 /* ExScreens.swift */,
				7B26D1D02C1D765000BC9912 /* SplashsView.swift */,
			);
			path = TCACoordinatorePractice;
			sourceTree = "<group>";
		};
		7B26D1A92C1D593B00BC9912 /* Preview Content */ = {
			isa = PBXGroup;
			children = (
				7B26D1AA2C1D593B00BC9912 /* Preview Assets.xcassets */,
			);
			path = "Preview Content";
			sourceTree = "<group>";
		};
		7B26D1B92C1D5ABC00BC9912 /* JustPeature */ = {
			isa = PBXGroup;
			children = (
				7B26D1BB2C1D5AEA00BC9912 /* RootFeature.swift */,
				7B26D1BF2C1D5D6900BC9912 /* SplashPeature.swift */,
				7B26D1CA2C1D63B500BC9912 /* HomeFeature.swift */,
			);
			path = JustPeature;
			sourceTree = "<group>";
		};
		7B26D1BA2C1D5ACA00BC9912 /* CoordinatorsPeature */ = {
			isa = PBXGroup;
			children = (
				7B26D1C12C1D625400BC9912 /* TapCoordinatorFeature.swift */,
				7B26D1CE2C1D746A00BC9912 /* TabbarCoordinator.swift */,
			);
			path = CoordinatorsPeature;
			sourceTree = "<group>";
		};
		7B26D1C32C1D62AA00BC9912 /* CoordinatorViews */ = {
			isa = PBXGroup;
			children = (
				7B26D1D22C1D797600BC9912 /* HomeCoordinatorView.swift */,
			);
			path = CoordinatorViews;
			sourceTree = "<group>";
		};
/* End PBXGroup section */

/* Begin PBXNativeTarget section */
		7B26D19F2C1D593A00BC9912 /* TCACoordinatorePractice */ = {
			isa = PBXNativeTarget;
			buildConfigurationList = 7B26D1AE2C1D593B00BC9912 /* Build configuration list for PBXNativeTarget "TCACoordinatorePractice" */;
			buildPhases = (
				7B26D19C2C1D593A00BC9912 /* Sources */,
				7B26D19D2C1D593A00BC9912 /* Frameworks */,
				7B26D19E2C1D593A00BC9912 /* Resources */,
			);
			buildRules = (
			);
			dependencies = (
			);
			name = TCACoordinatorePractice;
			packageProductDependencies = (
				7B26D1B22C1D599F00BC9912 /* TCACoordinators */,
				7B26D1B52C1D59B700BC9912 /* ComposableArchitecture */,
			);
			productName = TCACoordinatorePractice;
			productReference = 7B26D1A02C1D593A00BC9912 /* TCACoordinatorePractice.app */;
			productType = "com.apple.product-type.application";
		};
/* End PBXNativeTarget section */

/* Begin PBXProject section */
		7B26D1982C1D593A00BC9912 /* Project object */ = {
			isa = PBXProject;
			attributes = {
				BuildIndependentTargetsInParallel = 1;
				LastSwiftUpdateCheck = 1540;
				LastUpgradeCheck = 1540;
				TargetAttributes = {
					7B26D19F2C1D593A00BC9912 = {
						CreatedOnToolsVersion = 15.4;
					};
				};
			};
			buildConfigurationList = 7B26D19B2C1D593A00BC9912 /* Build configuration list for PBXProject "TCACoordinatorePractice" */;
			compatibilityVersion = "Xcode 14.0";
			developmentRegion = en;
			hasScannedForEncodings = 0;
			knownRegions = (
				en,
				Base,
			);
			mainGroup = 7B26D1972C1D593A00BC9912;
			packageReferences = (
				7B26D1B12C1D599F00BC9912 /* XCRemoteSwiftPackageReference "TCACoordinators" */,
				7B26D1B42C1D59B700BC9912 /* XCRemoteSwiftPackageReference "swift-composable-architecture" */,
			);
			productRefGroup = 7B26D1A12C1D593A00BC9912 /* Products */;
			projectDirPath = "";
			projectRoot = "";
			targets = (
				7B26D19F2C1D593A00BC9912 /* TCACoordinatorePractice */,
			);
		};
/* End PBXProject section */

/* Begin PBXResourcesBuildPhase section */
		7B26D19E2C1D593A00BC9912 /* Resources */ = {
			isa = PBXResourcesBuildPhase;
			buildActionMask = 2147483647;
			files = (
				7B26D1AB2C1D593B00BC9912 /* Preview Assets.xcassets in Resources */,
				7B26D1A82C1D593B00BC9912 /* Assets.xcassets in Resources */,
			);
			runOnlyForDeploymentPostprocessing = 0;
		};
/* End PBXResourcesBuildPhase section */

/* Begin PBXSourcesBuildPhase section */
		7B26D19C2C1D593A00BC9912 /* Sources */ = {
			isa = PBXSourcesBuildPhase;
			buildActionMask = 2147483647;
			files = (
				7B26D1C92C1D637E00BC9912 /* HomeView.swift in Sources */,
				7B26D1CB2C1D63B500BC9912 /* HomeFeature.swift in Sources */,
				7B26D1B82C1D5A3500BC9912 /* RootView.swift in Sources */,
				7B26D1CD2C1D676D00BC9912 /* TCATabView.swift in Sources */,
				7B26D1D32C1D797600BC9912 /* HomeCoordinatorView.swift in Sources */,
				7B26D1C72C1D632200BC9912 /* ExScreens.swift in Sources */,
				7B26D1C22C1D625400BC9912 /* TapCoordinatorFeature.swift in Sources */,
				7B26D1D12C1D765000BC9912 /* SplashsView.swift in Sources */,
				7B26D1BC2C1D5AEA00BC9912 /* RootFeature.swift in Sources */,
				7B26D1CF2C1D746A00BC9912 /* TabbarCoordinator.swift in Sources */,
				7B26D1A42C1D593A00BC9912 /* TCACoordinatorePracticeApp.swift in Sources */,
				7B26D1C02C1D5D6900BC9912 /* SplashPeature.swift in Sources */,
			);
			runOnlyForDeploymentPostprocessing = 0;
		};
/* End PBXSourcesBuildPhase section */

/* Begin XCBuildConfiguration section */
		7B26D1AC2C1D593B00BC9912 /* Debug */ = {
			isa = XCBuildConfiguration;
			buildSettings = {
				ALWAYS_SEARCH_USER_PATHS = NO;
				ASSETCATALOG_COMPILER_GENERATE_SWIFT_ASSET_SYMBOL_EXTENSIONS = YES;
				CLANG_ANALYZER_NONNULL = YES;
				CLANG_ANALYZER_NUMBER_OBJECT_CONVERSION = YES_AGGRESSIVE;
				CLANG_CXX_LANGUAGE_STANDARD = "gnu++20";
				CLANG_ENABLE_MODULES = YES;
				CLANG_ENABLE_OBJC_ARC = YES;
				CLANG_ENABLE_OBJC_WEAK = YES;
				CLANG_WARN_BLOCK_CAPTURE_AUTORELEASING = YES;
				CLANG_WARN_BOOL_CONVERSION = YES;
				CLANG_WARN_COMMA = YES;
				CLANG_WARN_CONSTANT_CONVERSION = YES;
				CLANG_WARN_DEPRECATED_OBJC_IMPLEMENTATIONS = YES;
				CLANG_WARN_DIRECT_OBJC_ISA_USAGE = YES_ERROR;
				CLANG_WARN_DOCUMENTATION_COMMENTS = YES;
				CLANG_WARN_EMPTY_BODY = YES;
				CLANG_WARN_ENUM_CONVERSION = YES;
				CLANG_WARN_INFINITE_RECURSION = YES;
				CLANG_WARN_INT_CONVERSION = YES;
				CLANG_WARN_NON_LITERAL_NULL_CONVERSION = YES;
				CLANG_WARN_OBJC_IMPLICIT_RETAIN_SELF = YES;
				CLANG_WARN_OBJC_LITERAL_CONVERSION = YES;
				CLANG_WARN_OBJC_ROOT_CLASS = YES_ERROR;
				CLANG_WARN_QUOTED_INCLUDE_IN_FRAMEWORK_HEADER = YES;
				CLANG_WARN_RANGE_LOOP_ANALYSIS = YES;
				CLANG_WARN_STRICT_PROTOTYPES = YES;
				CLANG_WARN_SUSPICIOUS_MOVE = YES;
				CLANG_WARN_UNGUARDED_AVAILABILITY = YES_AGGRESSIVE;
				CLANG_WARN_UNREACHABLE_CODE = YES;
				CLANG_WARN__DUPLICATE_METHOD_MATCH = YES;
				COPY_PHASE_STRIP = NO;
				DEBUG_INFORMATION_FORMAT = dwarf;
				ENABLE_STRICT_OBJC_MSGSEND = YES;
				ENABLE_TESTABILITY = YES;
				ENABLE_USER_SCRIPT_SANDBOXING = YES;
				GCC_C_LANGUAGE_STANDARD = gnu17;
				GCC_DYNAMIC_NO_PIC = NO;
				GCC_NO_COMMON_BLOCKS = YES;
				GCC_OPTIMIZATION_LEVEL = 0;
				GCC_PREPROCESSOR_DEFINITIONS = (
					"DEBUG=1",
					"$(inherited)",
				);
				GCC_WARN_64_TO_32_BIT_CONVERSION = YES;
				GCC_WARN_ABOUT_RETURN_TYPE = YES_ERROR;
				GCC_WARN_UNDECLARED_SELECTOR = YES;
				GCC_WARN_UNINITIALIZED_AUTOS = YES_AGGRESSIVE;
				GCC_WARN_UNUSED_FUNCTION = YES;
				GCC_WARN_UNUSED_VARIABLE = YES;
				IPHONEOS_DEPLOYMENT_TARGET = 17.5;
				LOCALIZATION_PREFERS_STRING_CATALOGS = YES;
				MTL_ENABLE_DEBUG_INFO = INCLUDE_SOURCE;
				MTL_FAST_MATH = YES;
				ONLY_ACTIVE_ARCH = YES;
				SDKROOT = iphoneos;
				SWIFT_ACTIVE_COMPILATION_CONDITIONS = "DEBUG $(inherited)";
				SWIFT_OPTIMIZATION_LEVEL = "-Onone";
			};
			name = Debug;
		};
		7B26D1AD2C1D593B00BC9912 /* Release */ = {
			isa = XCBuildConfiguration;
			buildSettings = {
				ALWAYS_SEARCH_USER_PATHS = NO;
				ASSETCATALOG_COMPILER_GENERATE_SWIFT_ASSET_SYMBOL_EXTENSIONS = YES;
				CLANG_ANALYZER_NONNULL = YES;
				CLANG_ANALYZER_NUMBER_OBJECT_CONVERSION = YES_AGGRESSIVE;
				CLANG_CXX_LANGUAGE_STANDARD = "gnu++20";
				CLANG_ENABLE_MODULES = YES;
				CLANG_ENABLE_OBJC_ARC = YES;
				CLANG_ENABLE_OBJC_WEAK = YES;
				CLANG_WARN_BLOCK_CAPTURE_AUTORELEASING = YES;
				CLANG_WARN_BOOL_CONVERSION = YES;
				CLANG_WARN_COMMA = YES;
				CLANG_WARN_CONSTANT_CONVERSION = YES;
				CLANG_WARN_DEPRECATED_OBJC_IMPLEMENTATIONS = YES;
				CLANG_WARN_DIRECT_OBJC_ISA_USAGE = YES_ERROR;
				CLANG_WARN_DOCUMENTATION_COMMENTS = YES;
				CLANG_WARN_EMPTY_BODY = YES;
				CLANG_WARN_ENUM_CONVERSION = YES;
				CLANG_WARN_INFINITE_RECURSION = YES;
				CLANG_WARN_INT_CONVERSION = YES;
				CLANG_WARN_NON_LITERAL_NULL_CONVERSION = YES;
				CLANG_WARN_OBJC_IMPLICIT_RETAIN_SELF = YES;
				CLANG_WARN_OBJC_LITERAL_CONVERSION = YES;
				CLANG_WARN_OBJC_ROOT_CLASS = YES_ERROR;
				CLANG_WARN_QUOTED_INCLUDE_IN_FRAMEWORK_HEADER = YES;
				CLANG_WARN_RANGE_LOOP_ANALYSIS = YES;
				CLANG_WARN_STRICT_PROTOTYPES = YES;
				CLANG_WARN_SUSPICIOUS_MOVE = YES;
				CLANG_WARN_UNGUARDED_AVAILABILITY = YES_AGGRESSIVE;
				CLANG_WARN_UNREACHABLE_CODE = YES;
				CLANG_WARN__DUPLICATE_METHOD_MATCH = YES;
				COPY_PHASE_STRIP = NO;
				DEBUG_INFORMATION_FORMAT = "dwarf-with-dsym";
				ENABLE_NS_ASSERTIONS = NO;
				ENABLE_STRICT_OBJC_MSGSEND = YES;
				ENABLE_USER_SCRIPT_SANDBOXING = YES;
				GCC_C_LANGUAGE_STANDARD = gnu17;
				GCC_NO_COMMON_BLOCKS = YES;
				GCC_WARN_64_TO_32_BIT_CONVERSION = YES;
				GCC_WARN_ABOUT_RETURN_TYPE = YES_ERROR;
				GCC_WARN_UNDECLARED_SELECTOR = YES;
				GCC_WARN_UNINITIALIZED_AUTOS = YES_AGGRESSIVE;
				GCC_WARN_UNUSED_FUNCTION = YES;
				GCC_WARN_UNUSED_VARIABLE = YES;
				IPHONEOS_DEPLOYMENT_TARGET = 17.5;
				LOCALIZATION_PREFERS_STRING_CATALOGS = YES;
				MTL_ENABLE_DEBUG_INFO = NO;
				MTL_FAST_MATH = YES;
				SDKROOT = iphoneos;
				SWIFT_COMPILATION_MODE = wholemodule;
				VALIDATE_PRODUCT = YES;
			};
			name = Release;
		};
		7B26D1AF2C1D593B00BC9912 /* Debug */ = {
			isa = XCBuildConfiguration;
			buildSettings = {
				ASSETCATALOG_COMPILER_APPICON_NAME = AppIcon;
				ASSETCATALOG_COMPILER_GLOBAL_ACCENT_COLOR_NAME = AccentColor;
				CODE_SIGN_STYLE = Automatic;
				CURRENT_PROJECT_VERSION = 1;
				DEVELOPMENT_ASSET_PATHS = "\"TCACoordinatorePractice/Preview Content\"";
				DEVELOPMENT_TEAM = H25F4B7J4U;
				ENABLE_PREVIEWS = YES;
				GENERATE_INFOPLIST_FILE = YES;
				INFOPLIST_KEY_UIApplicationSceneManifest_Generation = YES;
				INFOPLIST_KEY_UIApplicationSupportsIndirectInputEvents = YES;
				INFOPLIST_KEY_UILaunchScreen_Generation = YES;
				INFOPLIST_KEY_UISupportedInterfaceOrientations_iPad = "UIInterfaceOrientationPortrait UIInterfaceOrientationPortraitUpsideDown UIInterfaceOrientationLandscapeLeft UIInterfaceOrientationLandscapeRight";
				INFOPLIST_KEY_UISupportedInterfaceOrientations_iPhone = "UIInterfaceOrientationPortrait UIInterfaceOrientationLandscapeLeft UIInterfaceOrientationLandscapeRight";
				IPHONEOS_DEPLOYMENT_TARGET = 16.0;
				LD_RUNPATH_SEARCH_PATHS = (
					"$(inherited)",
					"@executable_path/Frameworks",
				);
				MARKETING_VERSION = 1.0;
				PRODUCT_BUNDLE_IDENTIFIER = LittleTail.TCACoordinatorePractice;
				PRODUCT_NAME = "$(TARGET_NAME)";
				SUPPORTED_PLATFORMS = "iphoneos iphonesimulator";
				SUPPORTS_MACCATALYST = NO;
				SUPPORTS_MAC_DESIGNED_FOR_IPHONE_IPAD = NO;
				SUPPORTS_XR_DESIGNED_FOR_IPHONE_IPAD = NO;
				SWIFT_EMIT_LOC_STRINGS = YES;
				SWIFT_VERSION = 5.0;
				TARGETED_DEVICE_FAMILY = 1;
			};
			name = Debug;
		};
		7B26D1B02C1D593B00BC9912 /* Release */ = {
			isa = XCBuildConfiguration;
			buildSettings = {
				ASSETCATALOG_COMPILER_APPICON_NAME = AppIcon;
				ASSETCATALOG_COMPILER_GLOBAL_ACCENT_COLOR_NAME = AccentColor;
				CODE_SIGN_STYLE = Automatic;
				CURRENT_PROJECT_VERSION = 1;
				DEVELOPMENT_ASSET_PATHS = "\"TCACoordinatorePractice/Preview Content\"";
				DEVELOPMENT_TEAM = H25F4B7J4U;
				ENABLE_PREVIEWS = YES;
				GENERATE_INFOPLIST_FILE = YES;
				INFOPLIST_KEY_UIApplicationSceneManifest_Generation = YES;
				INFOPLIST_KEY_UIApplicationSupportsIndirectInputEvents = YES;
				INFOPLIST_KEY_UILaunchScreen_Generation = YES;
				INFOPLIST_KEY_UISupportedInterfaceOrientations_iPad = "UIInterfaceOrientationPortrait UIInterfaceOrientationPortraitUpsideDown UIInterfaceOrientationLandscapeLeft UIInterfaceOrientationLandscapeRight";
				INFOPLIST_KEY_UISupportedInterfaceOrientations_iPhone = "UIInterfaceOrientationPortrait UIInterfaceOrientationLandscapeLeft UIInterfaceOrientationLandscapeRight";
				IPHONEOS_DEPLOYMENT_TARGET = 16.0;
				LD_RUNPATH_SEARCH_PATHS = (
					"$(inherited)",
					"@executable_path/Frameworks",
				);
				MARKETING_VERSION = 1.0;
				PRODUCT_BUNDLE_IDENTIFIER = LittleTail.TCACoordinatorePractice;
				PRODUCT_NAME = "$(TARGET_NAME)";
				SUPPORTED_PLATFORMS = "iphoneos iphonesimulator";
				SUPPORTS_MACCATALYST = NO;
				SUPPORTS_MAC_DESIGNED_FOR_IPHONE_IPAD = NO;
				SUPPORTS_XR_DESIGNED_FOR_IPHONE_IPAD = NO;
				SWIFT_EMIT_LOC_STRINGS = YES;
				SWIFT_VERSION = 5.0;
				TARGETED_DEVICE_FAMILY = 1;
			};
			name = Release;
		};
/* End XCBuildConfiguration section */

/* Begin XCConfigurationList section */
		7B26D19B2C1D593A00BC9912 /* Build configuration list for PBXProject "TCACoordinatorePractice" */ = {
			isa = XCConfigurationList;
			buildConfigurations = (
				7B26D1AC2C1D593B00BC9912 /* Debug */,
				7B26D1AD2C1D593B00BC9912 /* Release */,
			);
			defaultConfigurationIsVisible = 0;
			defaultConfigurationName = Release;
		};
		7B26D1AE2C1D593B00BC9912 /* Build configuration list for PBXNativeTarget "TCACoordinatorePractice" */ = {
			isa = XCConfigurationList;
			buildConfigurations = (
				7B26D1AF2C1D593B00BC9912 /* Debug */,
				7B26D1B02C1D593B00BC9912 /* Release */,
			);
			defaultConfigurationIsVisible = 0;
			defaultConfigurationName = Release;
		};
/* End XCConfigurationList section */

/* Begin XCRemoteSwiftPackageReference section */
		7B26D1B12C1D599F00BC9912 /* XCRemoteSwiftPackageReference "TCACoordinators" */ = {
			isa = XCRemoteSwiftPackageReference;
			repositoryURL = "https://github.com/johnpatrickmorgan/TCACoordinators.git";
			requirement = {
				kind = upToNextMajorVersion;
				minimumVersion = 0.10.1;
			};
		};
		7B26D1B42C1D59B700BC9912 /* XCRemoteSwiftPackageReference "swift-composable-architecture" */ = {
			isa = XCRemoteSwiftPackageReference;
			repositoryURL = "https://github.com/pointfreeco/swift-composable-architecture.git";
			requirement = {
				kind = upToNextMajorVersion;
				minimumVersion = 1.11.1;
			};
		};
/* End XCRemoteSwiftPackageReference section */

/* Begin XCSwiftPackageProductDependency section */
		7B26D1B22C1D599F00BC9912 /* TCACoordinators */ = {
			isa = XCSwiftPackageProductDependency;
			package = 7B26D1B12C1D599F00BC9912 /* XCRemoteSwiftPackageReference "TCACoordinators" */;
			productName = TCACoordinators;
		};
		7B26D1B52C1D59B700BC9912 /* ComposableArchitecture */ = {
			isa = XCSwiftPackageProductDependency;
			package = 7B26D1B42C1D59B700BC9912 /* XCRemoteSwiftPackageReference "swift-composable-architecture" */;
			productName = ComposableArchitecture;
		};
/* End XCSwiftPackageProductDependency section */
	};
	rootObject = 7B26D1982C1D593A00BC9912 /* Project object */;
}
